PODS:
  - Nivelir (1.8.0)
  - SnapKit (5.6.0)

DEPENDENCIES:
  - Nivelir (from `..`)
  - SnapKit

SPEC REPOS:
  trunk:
    - SnapKit

EXTERNAL SOURCES:
  Nivelir:
    :path: ".."

SPEC CHECKSUMS:
  Nivelir: 0d036d03829f32902cd6f1df8f220c7e0f2b2742
  SnapKit: e01d52ebb8ddbc333eefe2132acf85c8227d9c25

PODFILE CHECKSUM: da8b281ef18accce1d0505caaeb1d708354daf4e

COCOAPODS: 1.12.1
