PODS:
  - Nivelir (1.9.6)
  - SnapKit (5.6.0)

DEPENDENCIES:
  - Nivelir (from `..`)
  - SnapKit

SPEC REPOS:
  trunk:
    - SnapKit

EXTERNAL SOURCES:
  Nivelir:
    :path: ".."

SPEC CHECKSUMS:
  Nivelir: 53439405e5a0d15af9a71cfa7f2acc987030cc25
  SnapKit: e01d52ebb8ddbc333eefe2132acf85c8227d9c25

PODFILE CHECKSUM: da8b281ef18accce1d0505caaeb1d708354daf4e

COCOAPODS: 1.15.2
